
Microsoft Visual Studio Solution File, Format Version 12.00
# Visual Studio Version 16
VisualStudioVersion = 16.0.31605.320
MinimumVisualStudioVersion = 10.0.40219.1
Project("{FAE04EC0-301F-11D3-BF4B-00C04F79EFBC}") = "QuadradoProjeto", "QuadradoProjeto.csproj", "{A1682D1D-A9EC-4756-B51C-13980936E540}"
EndProject
Global
	GlobalSection(SolutionConfigurationPlatforms) = preSolution
		Debug|Any CPU = Debug|Any CPU
		Release|Any CPU = Release|Any CPU
	EndGlobalSection
	GlobalSection(ProjectConfigurationPlatforms) = postSolution
		{A1682D1D-A9EC-4756-B51C-13980936E540}.Debug|Any CPU.ActiveCfg = Debug|Any CPU
		{A1682D1D-A9EC-4756-B51C-13980936E540}.Debug|Any CPU.Build.0 = Debug|Any CPU
		{A1682D1D-A9EC-4756-B51C-13980936E540}.Release|Any CPU.ActiveCfg = Release|Any CPU
		{A1682D1D-A9EC-4756-B51C-13980936E540}.Release|Any CPU.Build.0 = Release|Any CPU
	EndGlobalSection
	GlobalSection(SolutionProperties) = preSolution
		HideSolutionNode = FALSE
	EndGlobalSection
	GlobalSection(ExtensibilityGlobals) = postSolution
		SolutionGuid = {A7821C1D-5673-462C-8919-908423BD9984}
	EndGlobalSection
EndGlobal
